
Microsoft Visual Studio Solution File, Format Version 12.00
# Visual Studio Version 17
VisualStudioVersion = 17.0.31903.59
MinimumVisualStudioVersion = 10.0.40219.1
Project("{FAE04EC0-301F-11D3-BF4B-00C04F79EFBC}") = "Nexus.Domain", "Nexus.Domain\Nexus.Domain.csproj", "{851AE058-FFFC-4DA6-B894-5FF59B0FB58A}"
EndProject
Project("{FAE04EC0-301F-11D3-BF4B-00C04F79EFBC}") = "Nexus.Application", "Nexus.Application\Nexus.Application.csproj", "{A950D220-201B-4757-AE9A-DB77673EF308}"
EndProject
Project("{FAE04EC0-301F-11D3-BF4B-00C04F79EFBC}") = "Nexus.Infrastructure", "Nexus.Infrastructure\Nexus.Infrastructure.csproj", "{BDBADE53-FAB3-4DF2-B231-5D6CB8CB5D7F}"
EndProject
Project("{FAE04EC0-301F-11D3-BF4B-00C04F79EFBC}") = "Nexus.API", "Nexus.API\Nexus.API.csproj", "{0CE8D08D-0E70-49DE-B534-C77583F2AF21}"
EndProject
Project("{FAE04EC0-301F-11D3-BF4B-00C04F79EFBC}") = "Nexus.UnitTests", "Nexus.UnitTests\Nexus.UnitTests.csproj", "{055E658D-23AD-4ACA-A982-9703D478FFAF}"
EndProject
Global
	GlobalSection(SolutionConfigurationPlatforms) = preSolution
		Debug|Any CPU = Debug|Any CPU
		Debug|x64 = Debug|x64
		Debug|x86 = Debug|x86
		Release|Any CPU = Release|Any CPU
		Release|x64 = Release|x64
		Release|x86 = Release|x86
	EndGlobalSection
	GlobalSection(ProjectConfigurationPlatforms) = postSolution
		{851AE058-FFFC-4DA6-B894-5FF59B0FB58A}.Debug|Any CPU.ActiveCfg = Debug|Any CPU
		{851AE058-FFFC-4DA6-B894-5FF59B0FB58A}.Debug|Any CPU.Build.0 = Debug|Any CPU
		{851AE058-FFFC-4DA6-B894-5FF59B0FB58A}.Debug|x64.ActiveCfg = Debug|Any CPU
		{851AE058-FFFC-4DA6-B894-5FF59B0FB58A}.Debug|x64.Build.0 = Debug|Any CPU
		{851AE058-FFFC-4DA6-B894-5FF59B0FB58A}.Debug|x86.ActiveCfg = Debug|Any CPU
		{851AE058-FFFC-4DA6-B894-5FF59B0FB58A}.Debug|x86.Build.0 = Debug|Any CPU
		{851AE058-FFFC-4DA6-B894-5FF59B0FB58A}.Release|Any CPU.ActiveCfg = Release|Any CPU
		{851AE058-FFFC-4DA6-B894-5FF59B0FB58A}.Release|Any CPU.Build.0 = Release|Any CPU
		{851AE058-FFFC-4DA6-B894-5FF59B0FB58A}.Release|x64.ActiveCfg = Release|Any CPU
		{851AE058-FFFC-4DA6-B894-5FF59B0FB58A}.Release|x64.Build.0 = Release|Any CPU
		{851AE058-FFFC-4DA6-B894-5FF59B0FB58A}.Release|x86.ActiveCfg = Release|Any CPU
		{851AE058-FFFC-4DA6-B894-5FF59B0FB58A}.Release|x86.Build.0 = Release|Any CPU
		{A950D220-201B-4757-AE9A-DB77673EF308}.Debug|Any CPU.ActiveCfg = Debug|Any CPU
		{A950D220-201B-4757-AE9A-DB77673EF308}.Debug|Any CPU.Build.0 = Debug|Any CPU
		{A950D220-201B-4757-AE9A-DB77673EF308}.Debug|x64.ActiveCfg = Debug|Any CPU
		{A950D220-201B-4757-AE9A-DB77673EF308}.Debug|x64.Build.0 = Debug|Any CPU
		{A950D220-201B-4757-AE9A-DB77673EF308}.Debug|x86.ActiveCfg = Debug|Any CPU
		{A950D220-201B-4757-AE9A-DB77673EF308}.Debug|x86.Build.0 = Debug|Any CPU
		{A950D220-201B-4757-AE9A-DB77673EF308}.Release|Any CPU.ActiveCfg = Release|Any CPU
		{A950D220-201B-4757-AE9A-DB77673EF308}.Release|Any CPU.Build.0 = Release|Any CPU
		{A950D220-201B-4757-AE9A-DB77673EF308}.Release|x64.ActiveCfg = Release|Any CPU
		{A950D220-201B-4757-AE9A-DB77673EF308}.Release|x64.Build.0 = Release|Any CPU
		{A950D220-201B-4757-AE9A-DB77673EF308}.Release|x86.ActiveCfg = Release|Any CPU
		{A950D220-201B-4757-AE9A-DB77673EF308}.Release|x86.Build.0 = Release|Any CPU
		{BDBADE53-FAB3-4DF2-B231-5D6CB8CB5D7F}.Debug|Any CPU.ActiveCfg = Debug|Any CPU
		{BDBADE53-FAB3-4DF2-B231-5D6CB8CB5D7F}.Debug|Any CPU.Build.0 = Debug|Any CPU
		{BDBADE53-FAB3-4DF2-B231-5D6CB8CB5D7F}.Debug|x64.ActiveCfg = Debug|Any CPU
		{BDBADE53-FAB3-4DF2-B231-5D6CB8CB5D7F}.Debug|x64.Build.0 = Debug|Any CPU
		{BDBADE53-FAB3-4DF2-B231-5D6CB8CB5D7F}.Debug|x86.ActiveCfg = Debug|Any CPU
		{BDBADE53-FAB3-4DF2-B231-5D6CB8CB5D7F}.Debug|x86.Build.0 = Debug|Any CPU
		{BDBADE53-FAB3-4DF2-B231-5D6CB8CB5D7F}.Release|Any CPU.ActiveCfg = Release|Any CPU
		{BDBADE53-FAB3-4DF2-B231-5D6CB8CB5D7F}.Release|Any CPU.Build.0 = Release|Any CPU
		{BDBADE53-FAB3-4DF2-B231-5D6CB8CB5D7F}.Release|x64.ActiveCfg = Release|Any CPU
		{BDBADE53-FAB3-4DF2-B231-5D6CB8CB5D7F}.Release|x64.Build.0 = Release|Any CPU
		{BDBADE53-FAB3-4DF2-B231-5D6CB8CB5D7F}.Release|x86.ActiveCfg = Release|Any CPU
		{BDBADE53-FAB3-4DF2-B231-5D6CB8CB5D7F}.Release|x86.Build.0 = Release|Any CPU
		{0CE8D08D-0E70-49DE-B534-C77583F2AF21}.Debug|Any CPU.ActiveCfg = Debug|Any CPU
		{0CE8D08D-0E70-49DE-B534-C77583F2AF21}.Debug|Any CPU.Build.0 = Debug|Any CPU
		{0CE8D08D-0E70-49DE-B534-C77583F2AF21}.Debug|x64.ActiveCfg = Debug|Any CPU
		{0CE8D08D-0E70-49DE-B534-C77583F2AF21}.Debug|x64.Build.0 = Debug|Any CPU
		{0CE8D08D-0E70-49DE-B534-C77583F2AF21}.Debug|x86.ActiveCfg = Debug|Any CPU
		{0CE8D08D-0E70-49DE-B534-C77583F2AF21}.Debug|x86.Build.0 = Debug|Any CPU
		{0CE8D08D-0E70-49DE-B534-C77583F2AF21}.Release|Any CPU.ActiveCfg = Release|Any CPU
		{0CE8D08D-0E70-49DE-B534-C77583F2AF21}.Release|Any CPU.Build.0 = Release|Any CPU
		{0CE8D08D-0E70-49DE-B534-C77583F2AF21}.Release|x64.ActiveCfg = Release|Any CPU
		{0CE8D08D-0E70-49DE-B534-C77583F2AF21}.Release|x64.Build.0 = Release|Any CPU
		{0CE8D08D-0E70-49DE-B534-C77583F2AF21}.Release|x86.ActiveCfg = Release|Any CPU
		{0CE8D08D-0E70-49DE-B534-C77583F2AF21}.Release|x86.Build.0 = Release|Any CPU
		{055E658D-23AD-4ACA-A982-9703D478FFAF}.Debug|Any CPU.ActiveCfg = Debug|Any CPU
		{055E658D-23AD-4ACA-A982-9703D478FFAF}.Debug|Any CPU.Build.0 = Debug|Any CPU
		{055E658D-23AD-4ACA-A982-9703D478FFAF}.Debug|x64.ActiveCfg = Debug|Any CPU
		{055E658D-23AD-4ACA-A982-9703D478FFAF}.Debug|x64.Build.0 = Debug|Any CPU
		{055E658D-23AD-4ACA-A982-9703D478FFAF}.Debug|x86.ActiveCfg = Debug|Any CPU
		{055E658D-23AD-4ACA-A982-9703D478FFAF}.Debug|x86.Build.0 = Debug|Any CPU
		{055E658D-23AD-4ACA-A982-9703D478FFAF}.Release|Any CPU.ActiveCfg = Release|Any CPU
		{055E658D-23AD-4ACA-A982-9703D478FFAF}.Release|Any CPU.Build.0 = Release|Any CPU
		{055E658D-23AD-4ACA-A982-9703D478FFAF}.Release|x64.ActiveCfg = Release|Any CPU
		{055E658D-23AD-4ACA-A982-9703D478FFAF}.Release|x64.Build.0 = Release|Any CPU
		{055E658D-23AD-4ACA-A982-9703D478FFAF}.Release|x86.ActiveCfg = Release|Any CPU
		{055E658D-23AD-4ACA-A982-9703D478FFAF}.Release|x86.Build.0 = Release|Any CPU
	EndGlobalSection
	GlobalSection(SolutionProperties) = preSolution
		HideSolutionNode = FALSE
	EndGlobalSection
EndGlobal
